lockfileVersion: '9.0'

settings:
  autoInstallPeers: true
  excludeLinksFromLockfile: false

importers:

  .:
    dependencies:
      '@hookform/resolvers':
        specifier: ^5.0.1
        version: 5.0.1(react-hook-form@7.56.4(react@19.1.0))
      rate-limiter-flexible:
        specifier: ^7.1.1
        version: 7.1.1
      react-hook-form:
        specifier: ^7.56.4
        version: 7.56.4(react@19.1.0)
      zod:
        specifier: ^3.25.17
        version: 3.25.17

packages:

  '@hookform/resolvers@5.0.1':
    resolution: {integrity: sha512-u/+Jp83luQNx9AdyW2fIPGY6Y7NG68eN2ZW8FOJYL+M0i4s49+refdJdOp/A9n9HFQtQs3HIDHQvX3ZET2o7YA==}
    peerDependencies:
      react-hook-form: ^7.55.0

  '@standard-schema/utils@0.3.0':
    resolution: {integrity: sha512-e7Mew686owMaPJVNNLs55PUvgz371nKgwsc4vxE49zsODpJEnxgxRo2y/OKrqueavXgZNMDVj3DdHFlaSAeU8g==}

  rate-limiter-flexible@7.1.1:
    resolution: {integrity: sha512-lsYRcqRSJrKBNt6pMzBJTiCJP5KnwsGWdObMZxd19JFUJRntM+yuHs4/2bs6NZweSLgpsDcykvzyQaumoslWQg==}

  react-hook-form@7.56.4:
    resolution: {integrity: sha512-Rob7Ftz2vyZ/ZGsQZPaRdIefkgOSrQSPXfqBdvOPwJfoGnjwRJUs7EM7Kc1mcoDv3NOtqBzPGbcMB8CGn9CKgw==}
    engines: {node: '>=18.0.0'}
    peerDependencies:
      react: ^16.8.0 || ^17 || ^18 || ^19

  react@19.1.0:
    resolution: {integrity: sha512-FS+XFBNvn3GTAWq26joslQgWNoFu08F4kl0J4CgdNKADkdSGXQyTCnKteIAJy96Br6YbpEU1LSzV5dYtjMkMDg==}
    engines: {node: '>=0.10.0'}

  zod@3.25.17:
    resolution: {integrity: sha512-8hQzQ/kMOIFbwOgPrm9Sf9rtFHpFUMy4HvN0yEB0spw14aYi0uT5xG5CE2DB9cd51GWNsz+DNO7se1kztHMKnw==}

snapshots:

  '@hookform/resolvers@5.0.1(react-hook-form@7.56.4(react@19.1.0))':
    dependencies:
      '@standard-schema/utils': 0.3.0
      react-hook-form: 7.56.4(react@19.1.0)

  '@standard-schema/utils@0.3.0': {}

  rate-limiter-flexible@7.1.1: {}

  react-hook-form@7.56.4(react@19.1.0):
    dependencies:
      react: 19.1.0

  react@19.1.0: {}

  zod@3.25.17: {}
